{
    "hash": "6918c9b0fd498afd6c5b4e2aaa04a260",
    "packages": [
        {
            "package": "fabpot/sphinx-php",
            "version": "master",
            "source-reference": "master",
            "commit-date": "1338011792"
        },
        {
            "package": "pimple/pimple",
            "version": "dev-master",
            "alias-pretty-version": "1.0.x-dev",
            "alias-version": "1.0.9999999.9999999-dev"
        },
        {
            "package": "pimple/pimple",
            "version": "dev-master",
            "source-reference": "b9f27b8dc18c08f00627dec02359b46a24791dc3",
            "commit-date": "1347278988"
        },
        {
            "package": "silex/silex",
            "version": "dev-master",
            "alias-pretty-version": "1.0.x-dev",
            "alias-version": "1.0.9999999.9999999-dev"
        },
        {
            "package": "silex/silex",
            "version": "dev-master",
            "source-reference": "a9e34f08ab00c4cc6c97e7ae8fdf7d0fc367e5f5",
            "commit-date": "1347298149"
        },
        {
            "package": "symfony/event-dispatcher",
            "version": "2.1.x-dev",
            "source-reference": "v2.1.1",
            "commit-date": "1347274422"
        },
        {
            "package": "symfony/http-foundation",
            "version": "2.1.x-dev",
            "source-reference": "v2.1.1",
            "commit-date": "1346761482"
        },
        {
            "package": "symfony/http-kernel",
            "version": "2.1.x-dev",
            "source-reference": "584499e64026f41c4be938ed35d8f0a9a9eebd38",
            "commit-date": "1347354770"
        },
        {
            "package": "symfony/routing",
            "version": "2.1.x-dev",
            "source-reference": "v2.1.1",
            "commit-date": "1347274422"
        },
        {
            "package": "symfony/twig-bridge",
            "version": "dev-master",
            "alias-pretty-version": "2.2.x-dev",
            "alias-version": "2.2.9999999.9999999-dev"
        },
        {
            "package": "symfony/twig-bridge",
            "version": "dev-master",
            "source-reference": "546220f277f2597fc516f2268224b9b96b658890",
            "commit-date": "1347274777"
        },
        {
            "package": "twig/twig",
            "version": "dev-master",
            "alias-pretty-version": "1.9.x-dev",
            "alias-version": "1.9.9999999.9999999-dev"
        },
        {
            "package": "twig/twig",
            "version": "dev-master",
            "source-reference": "956a66e6da304ead2aa2632acc01118b360d19d3",
            "commit-date": "1347542132"
        }
    ],
    "packages-dev": null,
    "aliases": [

    ],
    "minimum-stability": "dev",
    "stability-flags": {
        "silex/silex": 20,
        "twig/twig": 20,
        "symfony/twig-bridge": 20,
        "fabpot/sphinx-php": 20
    }
}
